
Microsoft Visual Studio Solution File, Format Version 12.00
# Visual Studio 14
VisualStudioVersion = 14.0.25420.1
MinimumVisualStudioVersion = 10.0.40219.1
Project("{8BC9CEB8-8B4A-11D0-8D11-00A0C91BC942}") = "Self powers", "Self powers\Self powers.vcxproj", "{D952743A-1CD5-4FB8-BF26-12F9381ED06C}"
EndProject
Project("{8BC9CEB8-8B4A-11D0-8D11-00A0C91BC942}") = "copy code", "copy code\copy code.vcxproj", "{55B7EF64-26CA-421E-AF13-6A51A38CB44C}"
EndProject
Global
	GlobalSection(SolutionConfigurationPlatforms) = preSolution
		Debug|x64 = Debug|x64
		Debug|x86 = Debug|x86
		Release|x64 = Release|x64
		Release|x86 = Release|x86
	EndGlobalSection
	GlobalSection(ProjectConfigurationPlatforms) = postSolution
		{D952743A-1CD5-4FB8-BF26-12F9381ED06C}.Debug|x64.ActiveCfg = Debug|x64
		{D952743A-1CD5-4FB8-BF26-12F9381ED06C}.Debug|x64.Build.0 = Debug|x64
		{D952743A-1CD5-4FB8-BF26-12F9381ED06C}.Debug|x86.ActiveCfg = Debug|Win32
		{D952743A-1CD5-4FB8-BF26-12F9381ED06C}.Debug|x86.Build.0 = Debug|Win32
		{D952743A-1CD5-4FB8-BF26-12F9381ED06C}.Release|x64.ActiveCfg = Release|x64
		{D952743A-1CD5-4FB8-BF26-12F9381ED06C}.Release|x64.Build.0 = Release|x64
		{D952743A-1CD5-4FB8-BF26-12F9381ED06C}.Release|x86.ActiveCfg = Release|Win32
		{D952743A-1CD5-4FB8-BF26-12F9381ED06C}.Release|x86.Build.0 = Release|Win32
		{55B7EF64-26CA-421E-AF13-6A51A38CB44C}.Debug|x64.ActiveCfg = Debug|x64
		{55B7EF64-26CA-421E-AF13-6A51A38CB44C}.Debug|x64.Build.0 = Debug|x64
		{55B7EF64-26CA-421E-AF13-6A51A38CB44C}.Debug|x86.ActiveCfg = Debug|Win32
		{55B7EF64-26CA-421E-AF13-6A51A38CB44C}.Debug|x86.Build.0 = Debug|Win32
		{55B7EF64-26CA-421E-AF13-6A51A38CB44C}.Release|x64.ActiveCfg = Release|x64
		{55B7EF64-26CA-421E-AF13-6A51A38CB44C}.Release|x64.Build.0 = Release|x64
		{55B7EF64-26CA-421E-AF13-6A51A38CB44C}.Release|x86.ActiveCfg = Release|Win32
		{55B7EF64-26CA-421E-AF13-6A51A38CB44C}.Release|x86.Build.0 = Release|Win32
	EndGlobalSection
	GlobalSection(SolutionProperties) = preSolution
		HideSolutionNode = FALSE
	EndGlobalSection
EndGlobal
