
Microsoft Visual Studio Solution File, Format Version 12.00
# Visual Studio 14
VisualStudioVersion = 14.0.25420.1
MinimumVisualStudioVersion = 10.0.40219.1
Project("{8BC9CEB8-8B4A-11D0-8D11-00A0C91BC942}") = "Distinct primes factors", "Distinct primes factors\Distinct primes factors.vcxproj", "{D8951676-3F10-4516-84C6-17DA263355F6}"
EndProject
Project("{8BC9CEB8-8B4A-11D0-8D11-00A0C91BC942}") = "make perfect", "make perfect\make perfect.vcxproj", "{BE42B1B2-3F9E-4771-B7F3-24B0F98D9DA2}"
EndProject
Global
	GlobalSection(SolutionConfigurationPlatforms) = preSolution
		Debug|x64 = Debug|x64
		Debug|x86 = Debug|x86
		Release|x64 = Release|x64
		Release|x86 = Release|x86
	EndGlobalSection
	GlobalSection(ProjectConfigurationPlatforms) = postSolution
		{D8951676-3F10-4516-84C6-17DA263355F6}.Debug|x64.ActiveCfg = Debug|x64
		{D8951676-3F10-4516-84C6-17DA263355F6}.Debug|x64.Build.0 = Debug|x64
		{D8951676-3F10-4516-84C6-17DA263355F6}.Debug|x86.ActiveCfg = Debug|Win32
		{D8951676-3F10-4516-84C6-17DA263355F6}.Debug|x86.Build.0 = Debug|Win32
		{D8951676-3F10-4516-84C6-17DA263355F6}.Release|x64.ActiveCfg = Release|x64
		{D8951676-3F10-4516-84C6-17DA263355F6}.Release|x64.Build.0 = Release|x64
		{D8951676-3F10-4516-84C6-17DA263355F6}.Release|x86.ActiveCfg = Release|Win32
		{D8951676-3F10-4516-84C6-17DA263355F6}.Release|x86.Build.0 = Release|Win32
		{BE42B1B2-3F9E-4771-B7F3-24B0F98D9DA2}.Debug|x64.ActiveCfg = Debug|x64
		{BE42B1B2-3F9E-4771-B7F3-24B0F98D9DA2}.Debug|x64.Build.0 = Debug|x64
		{BE42B1B2-3F9E-4771-B7F3-24B0F98D9DA2}.Debug|x86.ActiveCfg = Debug|Win32
		{BE42B1B2-3F9E-4771-B7F3-24B0F98D9DA2}.Debug|x86.Build.0 = Debug|Win32
		{BE42B1B2-3F9E-4771-B7F3-24B0F98D9DA2}.Release|x64.ActiveCfg = Release|x64
		{BE42B1B2-3F9E-4771-B7F3-24B0F98D9DA2}.Release|x64.Build.0 = Release|x64
		{BE42B1B2-3F9E-4771-B7F3-24B0F98D9DA2}.Release|x86.ActiveCfg = Release|Win32
		{BE42B1B2-3F9E-4771-B7F3-24B0F98D9DA2}.Release|x86.Build.0 = Release|Win32
	EndGlobalSection
	GlobalSection(SolutionProperties) = preSolution
		HideSolutionNode = FALSE
	EndGlobalSection
EndGlobal
