
Microsoft Visual Studio Solution File, Format Version 12.00
# Visual Studio 15
VisualStudioVersion = 15.0.28307.136
MinimumVisualStudioVersion = 10.0.40219.1
Project("{8BC9CEB8-8B4A-11D0-8D11-00A0C91BC942}") = "findBottomNode", "findBottomNode\findBottomNode.vcxproj", "{F78567FB-66D6-4EC6-A408-356E7ACF1F7A}"
EndProject
Global
	GlobalSection(SolutionConfigurationPlatforms) = preSolution
		Debug|x64 = Debug|x64
		Debug|x86 = Debug|x86
		Release|x64 = Release|x64
		Release|x86 = Release|x86
	EndGlobalSection
	GlobalSection(ProjectConfigurationPlatforms) = postSolution
		{F78567FB-66D6-4EC6-A408-356E7ACF1F7A}.Debug|x64.ActiveCfg = Debug|x64
		{F78567FB-66D6-4EC6-A408-356E7ACF1F7A}.Debug|x64.Build.0 = Debug|x64
		{F78567FB-66D6-4EC6-A408-356E7ACF1F7A}.Debug|x86.ActiveCfg = Debug|Win32
		{F78567FB-66D6-4EC6-A408-356E7ACF1F7A}.Debug|x86.Build.0 = Debug|Win32
		{F78567FB-66D6-4EC6-A408-356E7ACF1F7A}.Release|x64.ActiveCfg = Release|x64
		{F78567FB-66D6-4EC6-A408-356E7ACF1F7A}.Release|x64.Build.0 = Release|x64
		{F78567FB-66D6-4EC6-A408-356E7ACF1F7A}.Release|x86.ActiveCfg = Release|Win32
		{F78567FB-66D6-4EC6-A408-356E7ACF1F7A}.Release|x86.Build.0 = Release|Win32
	EndGlobalSection
	GlobalSection(SolutionProperties) = preSolution
		HideSolutionNode = FALSE
	EndGlobalSection
	GlobalSection(ExtensibilityGlobals) = postSolution
		SolutionGuid = {15EDA638-E91C-4326-A2B4-17ECD8FFF623}
	EndGlobalSection
EndGlobal
